
Microsoft Visual Studio Solution File, Format Version 12.00
Project("{FAE04EC0-301F-11D3-BF4B-00C04F79EFBC}") = "VPNGuard", "VPNGuard\VPNGuard.csproj", "{F9022A09-85B7-492A-B414-23336380324B}"
EndProject
Global
	GlobalSection(SolutionConfigurationPlatforms) = preSolution
		Release|x64 = Release|x64
		Debug|x64 = Debug|x64
	EndGlobalSection
	GlobalSection(ProjectConfigurationPlatforms) = postSolution
		{F9022A09-85B7-492A-B414-23336380324B}.Release|x64.ActiveCfg = Release|x64
		{F9022A09-85B7-492A-B414-23336380324B}.Release|x64.Build.0 = Release|x64
		{F9022A09-85B7-492A-B414-23336380324B}.Debug|x64.ActiveCfg = Debug|x64
		{F9022A09-85B7-492A-B414-23336380324B}.Debug|x64.Build.0 = Debug|x64
	EndGlobalSection
EndGlobal
